// !$*UTF8*$!
{
	archiveVersion = 1;
	classes = {
	};
	objectVersion = 46;
	objects = {

/* Begin PBXBuildFile section */
		8F1774FD1C2EF39700028E3C /* IMG_0390.jpg in Resources */ = {isa = PBXBuildFile; fileRef = 8F1774FC1C2EF39700028E3C /* IMG_0390.jpg */; };
		8F1775081C2F13CD00028E3C /* LICENSE.txt in Resources */ = {isa = PBXBuildFile; fileRef = 8F1774FF1C2F13CD00028E3C /* LICENSE.txt */; };
		8F1775091C2F13CD00028E3C /* README.md in Sources */ = {isa = PBXBuildFile; fileRef = 8F1775001C2F13CD00028E3C /* README.md */; };
		8F17750A1C2F13CD00028E3C /* TMCache.m in Sources */ = {isa = PBXBuildFile; fileRef = 8F1775031C2F13CD00028E3C /* TMCache.m */; };
		8F17750B1C2F13CD00028E3C /* TMDiskCache.m in Sources */ = {isa = PBXBuildFile; fileRef = 8F1775051C2F13CD00028E3C /* TMDiskCache.m */; };
		8F17750C1C2F13CD00028E3C /* TMMemoryCache.m in Sources */ = {isa = PBXBuildFile; fileRef = 8F1775071C2F13CD00028E3C /* TMMemoryCache.m */; };
		8F17751E1C2F9CAF00028E3C /* MJRefresh.bundle in Resources */ = {isa = PBXBuildFile; fileRef = 8F17750E1C2F9CAF00028E3C /* MJRefresh.bundle */; };
		8F17751F1C2F9CAF00028E3C /* MJRefreshBaseView.m in Sources */ = {isa = PBXBuildFile; fileRef = 8F1775111C2F9CAF00028E3C /* MJRefreshBaseView.m */; };
		8F1775201C2F9CAF00028E3C /* MJRefreshConst.m in Sources */ = {isa = PBXBuildFile; fileRef = 8F1775131C2F9CAF00028E3C /* MJRefreshConst.m */; };
		8F1775211C2F9CAF00028E3C /* MJRefreshFooterView.m in Sources */ = {isa = PBXBuildFile; fileRef = 8F1775151C2F9CAF00028E3C /* MJRefreshFooterView.m */; };
		8F1775221C2F9CAF00028E3C /* MJRefreshHeaderView.m in Sources */ = {isa = PBXBuildFile; fileRef = 8F1775171C2F9CAF00028E3C /* MJRefreshHeaderView.m */; };
		8F1775231C2F9CAF00028E3C /* UIScrollView+MJExtension.m in Sources */ = {isa = PBXBuildFile; fileRef = 8F1775191C2F9CAF00028E3C /* UIScrollView+MJExtension.m */; };
		8F1775241C2F9CAF00028E3C /* UIScrollView+MJRefresh.m in Sources */ = {isa = PBXBuildFile; fileRef = 8F17751B1C2F9CAF00028E3C /* UIScrollView+MJRefresh.m */; };
		8F1775251C2F9CAF00028E3C /* UIView+MJExtension.m in Sources */ = {isa = PBXBuildFile; fileRef = 8F17751D1C2F9CAF00028E3C /* UIView+MJExtension.m */; };
		8F1775281C30362B00028E3C /* JKAddMailListView.m in Sources */ = {isa = PBXBuildFile; fileRef = 8F1775271C30362B00028E3C /* JKAddMailListView.m */; };
		8F17752C1C30591700028E3C /* 005.jpg in Resources */ = {isa = PBXBuildFile; fileRef = 8F17752B1C30591700028E3C /* 005.jpg */; };
		8F327EBE1C30D56200F677B5 /* Viewew.xib in Resources */ = {isa = PBXBuildFile; fileRef = 8F327EBD1C30D56200F677B5 /* Viewew.xib */; };
		8F327F4C1C313F7600F677B5 /* IMG_0366.jpg in Resources */ = {isa = PBXBuildFile; fileRef = 8F327F4B1C313F7600F677B5 /* IMG_0366.jpg */; };
		8F89C4881C314336005DC392 /* ic_personalinfo_n@2x.png in Resources */ = {isa = PBXBuildFile; fileRef = 8F89C4861C314336005DC392 /* ic_personalinfo_n@2x.png */; };
		8F89C4891C314336005DC392 /* ic_personalinfo_n@3x.png in Resources */ = {isa = PBXBuildFile; fileRef = 8F89C4871C314336005DC392 /* ic_personalinfo_n@3x.png */; };
		8FB456B91C2D15D000B5BD95 /* main.m in Sources */ = {isa = PBXBuildFile; fileRef = 8FB456B81C2D15D000B5BD95 /* main.m */; };
		8FB456BC1C2D15D000B5BD95 /* AppDelegate.m in Sources */ = {isa = PBXBuildFile; fileRef = 8FB456BB1C2D15D000B5BD95 /* AppDelegate.m */; };
		8FB456C41C2D15D000B5BD95 /* Assets.xcassets in Resources */ = {isa = PBXBuildFile; fileRef = 8FB456C31C2D15D000B5BD95 /* Assets.xcassets */; };
		8FB456C71C2D15D000B5BD95 /* LaunchScreen.storyboard in Resources */ = {isa = PBXBuildFile; fileRef = 8FB456C51C2D15D000B5BD95 /* LaunchScreen.storyboard */; };
		8FB456D21C2D15D000B5BD95 /* JKMailList_masterTests.m in Sources */ = {isa = PBXBuildFile; fileRef = 8FB456D11C2D15D000B5BD95 /* JKMailList_masterTests.m */; };
		8FB456DD1C2D15D100B5BD95 /* JKMailList_masterUITests.m in Sources */ = {isa = PBXBuildFile; fileRef = 8FB456DC1C2D15D100B5BD95 /* JKMailList_masterUITests.m */; };
		8FB456EE1C2D16DD00B5BD95 /* Main.storyboard in Resources */ = {isa = PBXBuildFile; fileRef = 8FB456EC1C2D16DD00B5BD95 /* Main.storyboard */; };
		8FB457111C2D16E800B5BD95 /* JKMailListManger.m in Sources */ = {isa = PBXBuildFile; fileRef = 8FB456F51C2D16E800B5BD95 /* JKMailListManger.m */; };
		8FB457121C2D16E800B5BD95 /* JKLinkman.m in Sources */ = {isa = PBXBuildFile; fileRef = 8FB456F81C2D16E800B5BD95 /* JKLinkman.m */; };
		8FB457131C2D16E800B5BD95 /* JKIndexBarView.m in Sources */ = {isa = PBXBuildFile; fileRef = 8FB456FB1C2D16E800B5BD95 /* JKIndexBarView.m */; };
		8FB457141C2D16E800B5BD95 /* JKMailListTBCell.m in Sources */ = {isa = PBXBuildFile; fileRef = 8FB456FD1C2D16E800B5BD95 /* JKMailListTBCell.m */; };
		8FB457151C2D16E800B5BD95 /* JKMailListTBCell.xib in Resources */ = {isa = PBXBuildFile; fileRef = 8FB456FE1C2D16E800B5BD95 /* JKMailListTBCell.xib */; };
		8FB457161C2D16E800B5BD95 /* MBProgressHUD.m in Sources */ = {isa = PBXBuildFile; fileRef = 8FB457021C2D16E800B5BD95 /* MBProgressHUD.m */; settings = {COMPILER_FLAGS = "-fno-objc-arc"; }; };
		8FB457171C2D16E800B5BD95 /* UIView+MBProgressHUD.m in Sources */ = {isa = PBXBuildFile; fileRef = 8FB457041C2D16E800B5BD95 /* UIView+MBProgressHUD.m */; settings = {COMPILER_FLAGS = "-fno-objc-arc"; }; };
		8FB457181C2D16E800B5BD95 /* ASWAlertView.m in Sources */ = {isa = PBXBuildFile; fileRef = 8FB457071C2D16E800B5BD95 /* ASWAlertView.m */; };
		8FB457191C2D16E800B5BD95 /* UIViewController+ASWAlertView.m in Sources */ = {isa = PBXBuildFile; fileRef = 8FB457091C2D16E800B5BD95 /* UIViewController+ASWAlertView.m */; };
		8FB4571A1C2D16E800B5BD95 /* JKMailListVC.m in Sources */ = {isa = PBXBuildFile; fileRef = 8FB4570C1C2D16E800B5BD95 /* JKMailListVC.m */; };
		8FB4571B1C2D16E800B5BD95 /* JKMailListVC.xib in Resources */ = {isa = PBXBuildFile; fileRef = 8FB4570D1C2D16E800B5BD95 /* JKMailListVC.xib */; };
		8FB4571C1C2D16E800B5BD95 /* ViewController.m in Sources */ = {isa = PBXBuildFile; fileRef = 8FB4570F1C2D16E800B5BD95 /* ViewController.m */; };
		8FB4572E1C2D3C0700B5BD95 /* ChineseInclude.m in Sources */ = {isa = PBXBuildFile; fileRef = 8FB4571F1C2D3C0700B5BD95 /* ChineseInclude.m */; };
		8FB4572F1C2D3C0700B5BD95 /* ChineseToPinyinResource.m in Sources */ = {isa = PBXBuildFile; fileRef = 8FB457211C2D3C0700B5BD95 /* ChineseToPinyinResource.m */; };
		8FB457301C2D3C0700B5BD95 /* HanyuPinyinOutputFormat.m in Sources */ = {isa = PBXBuildFile; fileRef = 8FB457231C2D3C0700B5BD95 /* HanyuPinyinOutputFormat.m */; };
		8FB457311C2D3C0700B5BD95 /* NSString+PinYin4Cocoa.m in Sources */ = {isa = PBXBuildFile; fileRef = 8FB457251C2D3C0700B5BD95 /* NSString+PinYin4Cocoa.m */; };
		8FB457321C2D3C0700B5BD95 /* PinyinFormatter.m in Sources */ = {isa = PBXBuildFile; fileRef = 8FB457281C2D3C0700B5BD95 /* PinyinFormatter.m */; };
		8FB457331C2D3C0700B5BD95 /* PinYinForObjc.m in Sources */ = {isa = PBXBuildFile; fileRef = 8FB4572A1C2D3C0700B5BD95 /* PinYinForObjc.m */; };
		8FB457341C2D3C0700B5BD95 /* PinyinHelper.m in Sources */ = {isa = PBXBuildFile; fileRef = 8FB4572C1C2D3C0700B5BD95 /* PinyinHelper.m */; };
		8FB457351C2D3C0700B5BD95 /* unicode_to_hanyu_pinyin.txt in Resources */ = {isa = PBXBuildFile; fileRef = 8FB4572D1C2D3C0700B5BD95 /* unicode_to_hanyu_pinyin.txt */; };
		8FE4897A1C2EB78C0058D83F /* back_press.png in Resources */ = {isa = PBXBuildFile; fileRef = 8FE489781C2EB78C0058D83F /* back_press.png */; };
/* End PBXBuildFile section */

/* Begin PBXContainerItemProxy section */
		8FB456CE1C2D15D000B5BD95 /* PBXContainerItemProxy */ = {
			isa = PBXContainerItemProxy;
			containerPortal = 8FB456AC1C2D15D000B5BD95 /* Project object */;
			proxyType = 1;
			remoteGlobalIDString = 8FB456B31C2D15D000B5BD95;
			remoteInfo = "JKMailList-master";
		};
		8FB456D91C2D15D000B5BD95 /* PBXContainerItemProxy */ = {
			isa = PBXContainerItemProxy;
			containerPortal = 8FB456AC1C2D15D000B5BD95 /* Project object */;
			proxyType = 1;
			remoteGlobalIDString = 8FB456B31C2D15D000B5BD95;
			remoteInfo = "JKMailList-master";
		};
/* End PBXContainerItemProxy section */

/* Begin PBXFileReference section */
		8F1774FC1C2EF39700028E3C /* IMG_0390.jpg */ = {isa = PBXFileReference; lastKnownFileType = image.jpeg; path = IMG_0390.jpg; sourceTree = "<group>"; };
		8F1774FF1C2F13CD00028E3C /* LICENSE.txt */ = {isa = PBXFileReference; fileEncoding = 4; lastKnownFileType = text; path = LICENSE.txt; sourceTree = "<group>"; };
		8F1775001C2F13CD00028E3C /* README.md */ = {isa = PBXFileReference; fileEncoding = 4; lastKnownFileType = net.daringfireball.markdown; path = README.md; sourceTree = "<group>"; };
		8F1775021C2F13CD00028E3C /* TMCache.h */ = {isa = PBXFileReference; fileEncoding = 4; lastKnownFileType = sourcecode.c.h; path = TMCache.h; sourceTree = "<group>"; };
		8F1775031C2F13CD00028E3C /* TMCache.m */ = {isa = PBXFileReference; fileEncoding = 4; lastKnownFileType = sourcecode.c.objc; path = TMCache.m; sourceTree = "<group>"; };
		8F1775041C2F13CD00028E3C /* TMDiskCache.h */ = {isa = PBXFileReference; fileEncoding = 4; lastKnownFileType = sourcecode.c.h; path = TMDiskCache.h; sourceTree = "<group>"; };
		8F1775051C2F13CD00028E3C /* TMDiskCache.m */ = {isa = PBXFileReference; fileEncoding = 4; lastKnownFileType = sourcecode.c.objc; path = TMDiskCache.m; sourceTree = "<group>"; };
		8F1775061C2F13CD00028E3C /* TMMemoryCache.h */ = {isa = PBXFileReference; fileEncoding = 4; lastKnownFileType = sourcecode.c.h; path = TMMemoryCache.h; sourceTree = "<group>"; };
		8F1775071C2F13CD00028E3C /* TMMemoryCache.m */ = {isa = PBXFileReference; fileEncoding = 4; lastKnownFileType = sourcecode.c.objc; path = TMMemoryCache.m; sourceTree = "<group>"; };
		8F17750E1C2F9CAF00028E3C /* MJRefresh.bundle */ = {isa = PBXFileReference; lastKnownFileType = "wrapper.plug-in"; path = MJRefresh.bundle; sourceTree = "<group>"; };
		8F17750F1C2F9CAF00028E3C /* MJRefresh.h */ = {isa = PBXFileReference; fileEncoding = 4; lastKnownFileType = sourcecode.c.h; path = MJRefresh.h; sourceTree = "<group>"; };
		8F1775101C2F9CAF00028E3C /* MJRefreshBaseView.h */ = {isa = PBXFileReference; fileEncoding = 4; lastKnownFileType = sourcecode.c.h; path = MJRefreshBaseView.h; sourceTree = "<group>"; };
		8F1775111C2F9CAF00028E3C /* MJRefreshBaseView.m */ = {isa = PBXFileReference; fileEncoding = 4; lastKnownFileType = sourcecode.c.objc; path = MJRefreshBaseView.m; sourceTree = "<group>"; };
		8F1775121C2F9CAF00028E3C /* MJRefreshConst.h */ = {isa = PBXFileReference; fileEncoding = 4; lastKnownFileType = sourcecode.c.h; path = MJRefreshConst.h; sourceTree = "<group>"; };
		8F1775131C2F9CAF00028E3C /* MJRefreshConst.m */ = {isa = PBXFileReference; fileEncoding = 4; lastKnownFileType = sourcecode.c.objc; path = MJRefreshConst.m; sourceTree = "<group>"; };
		8F1775141C2F9CAF00028E3C /* MJRefreshFooterView.h */ = {isa = PBXFileReference; fileEncoding = 4; lastKnownFileType = sourcecode.c.h; path = MJRefreshFooterView.h; sourceTree = "<group>"; };
		8F1775151C2F9CAF00028E3C /* MJRefreshFooterView.m */ = {isa = PBXFileReference; fileEncoding = 4; lastKnownFileType = sourcecode.c.objc; path = MJRefreshFooterView.m; sourceTree = "<group>"; };
		8F1775161C2F9CAF00028E3C /* MJRefreshHeaderView.h */ = {isa = PBXFileReference; fileEncoding = 4; lastKnownFileType = sourcecode.c.h; path = MJRefreshHeaderView.h; sourceTree = "<group>"; };
		8F1775171C2F9CAF00028E3C /* MJRefreshHeaderView.m */ = {isa = PBXFileReference; fileEncoding = 4; lastKnownFileType = sourcecode.c.objc; path = MJRefreshHeaderView.m; sourceTree = "<group>"; };
		8F1775181C2F9CAF00028E3C /* UIScrollView+MJExtension.h */ = {isa = PBXFileReference; fileEncoding = 4; lastKnownFileType = sourcecode.c.h; path = "UIScrollView+MJExtension.h"; sourceTree = "<group>"; };
		8F1775191C2F9CAF00028E3C /* UIScrollView+MJExtension.m */ = {isa = PBXFileReference; fileEncoding = 4; lastKnownFileType = sourcecode.c.objc; path = "UIScrollView+MJExtension.m"; sourceTree = "<group>"; };
		8F17751A1C2F9CAF00028E3C /* UIScrollView+MJRefresh.h */ = {isa = PBXFileReference; fileEncoding = 4; lastKnownFileType = sourcecode.c.h; path = "UIScrollView+MJRefresh.h"; sourceTree = "<group>"; };
		8F17751B1C2F9CAF00028E3C /* UIScrollView+MJRefresh.m */ = {isa = PBXFileReference; fileEncoding = 4; lastKnownFileType = sourcecode.c.objc; path = "UIScrollView+MJRefresh.m"; sourceTree = "<group>"; };
		8F17751C1C2F9CAF00028E3C /* UIView+MJExtension.h */ = {isa = PBXFileReference; fileEncoding = 4; lastKnownFileType = sourcecode.c.h; path = "UIView+MJExtension.h"; sourceTree = "<group>"; };
		8F17751D1C2F9CAF00028E3C /* UIView+MJExtension.m */ = {isa = PBXFileReference; fileEncoding = 4; lastKnownFileType = sourcecode.c.objc; path = "UIView+MJExtension.m"; sourceTree = "<group>"; };
		8F1775261C30362B00028E3C /* JKAddMailListView.h */ = {isa = PBXFileReference; fileEncoding = 4; lastKnownFileType = sourcecode.c.h; path = JKAddMailListView.h; sourceTree = "<group>"; };
		8F1775271C30362B00028E3C /* JKAddMailListView.m */ = {isa = PBXFileReference; fileEncoding = 4; lastKnownFileType = sourcecode.c.objc; path = JKAddMailListView.m; sourceTree = "<group>"; };
		8F17752B1C30591700028E3C /* 005.jpg */ = {isa = PBXFileReference; lastKnownFileType = image.jpeg; path = 005.jpg; sourceTree = "<group>"; };
		8F327EBD1C30D56200F677B5 /* Viewew.xib */ = {isa = PBXFileReference; fileEncoding = 4; lastKnownFileType = file.xib; path = Viewew.xib; sourceTree = "<group>"; };
		8F327F4B1C313F7600F677B5 /* IMG_0366.jpg */ = {isa = PBXFileReference; lastKnownFileType = image.jpeg; path = IMG_0366.jpg; sourceTree = "<group>"; };
		8F89C4861C314336005DC392 /* ic_personalinfo_n@2x.png */ = {isa = PBXFileReference; lastKnownFileType = image.png; path = "ic_personalinfo_n@2x.png"; sourceTree = "<group>"; };
		8F89C4871C314336005DC392 /* ic_personalinfo_n@3x.png */ = {isa = PBXFileReference; lastKnownFileType = image.png; path = "ic_personalinfo_n@3x.png"; sourceTree = "<group>"; };
		8FB456B41C2D15D000B5BD95 /* JKMailList-master.app */ = {isa = PBXFileReference; explicitFileType = wrapper.application; includeInIndex = 0; path = "JKMailList-master.app"; sourceTree = BUILT_PRODUCTS_DIR; };
		8FB456B81C2D15D000B5BD95 /* main.m */ = {isa = PBXFileReference; lastKnownFileType = sourcecode.c.objc; path = main.m; sourceTree = "<group>"; };
		8FB456BA1C2D15D000B5BD95 /* AppDelegate.h */ = {isa = PBXFileReference; lastKnownFileType = sourcecode.c.h; path = AppDelegate.h; sourceTree = "<group>"; };
		8FB456BB1C2D15D000B5BD95 /* AppDelegate.m */ = {isa = PBXFileReference; lastKnownFileType = sourcecode.c.objc; path = AppDelegate.m; sourceTree = "<group>"; };
		8FB456C31C2D15D000B5BD95 /* Assets.xcassets */ = {isa = PBXFileReference; lastKnownFileType = folder.assetcatalog; path = Assets.xcassets; sourceTree = "<group>"; };
		8FB456C61C2D15D000B5BD95 /* Base */ = {isa = PBXFileReference; lastKnownFileType = file.storyboard; name = Base; path = Base.lproj/LaunchScreen.storyboard; sourceTree = "<group>"; };
		8FB456C81C2D15D000B5BD95 /* Info.plist */ = {isa = PBXFileReference; lastKnownFileType = text.plist.xml; path = Info.plist; sourceTree = "<group>"; };
		8FB456CD1C2D15D000B5BD95 /* JKMailList-masterTests.xctest */ = {isa = PBXFileReference; explicitFileType = wrapper.cfbundle; includeInIndex = 0; path = "JKMailList-masterTests.xctest"; sourceTree = BUILT_PRODUCTS_DIR; };
		8FB456D11C2D15D000B5BD95 /* JKMailList_masterTests.m */ = {isa = PBXFileReference; lastKnownFileType = sourcecode.c.objc; path = JKMailList_masterTests.m; sourceTree = "<group>"; };
		8FB456D31C2D15D000B5BD95 /* Info.plist */ = {isa = PBXFileReference; lastKnownFileType = text.plist.xml; path = Info.plist; sourceTree = "<group>"; };
		8FB456D81C2D15D000B5BD95 /* JKMailList-masterUITests.xctest */ = {isa = PBXFileReference; explicitFileType = wrapper.cfbundle; includeInIndex = 0; path = "JKMailList-masterUITests.xctest"; sourceTree = BUILT_PRODUCTS_DIR; };
		8FB456DC1C2D15D100B5BD95 /* JKMailList_masterUITests.m */ = {isa = PBXFileReference; lastKnownFileType = sourcecode.c.objc; path = JKMailList_masterUITests.m; sourceTree = "<group>"; };
		8FB456DE1C2D15D100B5BD95 /* Info.plist */ = {isa = PBXFileReference; lastKnownFileType = text.plist.xml; path = Info.plist; sourceTree = "<group>"; };
		8FB456ED1C2D16DD00B5BD95 /* Base */ = {isa = PBXFileReference; lastKnownFileType = file.storyboard; name = Base; path = Base.lproj/Main.storyboard; sourceTree = "<group>"; };
		8FB456F41C2D16E800B5BD95 /* JKMailListManger.h */ = {isa = PBXFileReference; fileEncoding = 4; lastKnownFileType = sourcecode.c.h; path = JKMailListManger.h; sourceTree = "<group>"; };
		8FB456F51C2D16E800B5BD95 /* JKMailListManger.m */ = {isa = PBXFileReference; fileEncoding = 4; lastKnownFileType = sourcecode.c.objc; path = JKMailListManger.m; sourceTree = "<group>"; };
		8FB456F71C2D16E800B5BD95 /* JKLinkman.h */ = {isa = PBXFileReference; fileEncoding = 4; lastKnownFileType = sourcecode.c.h; path = JKLinkman.h; sourceTree = "<group>"; };
		8FB456F81C2D16E800B5BD95 /* JKLinkman.m */ = {isa = PBXFileReference; fileEncoding = 4; lastKnownFileType = sourcecode.c.objc; path = JKLinkman.m; sourceTree = "<group>"; };
		8FB456FA1C2D16E800B5BD95 /* JKIndexBarView.h */ = {isa = PBXFileReference; fileEncoding = 4; lastKnownFileType = sourcecode.c.h; path = JKIndexBarView.h; sourceTree = "<group>"; };
		8FB456FB1C2D16E800B5BD95 /* JKIndexBarView.m */ = {isa = PBXFileReference; fileEncoding = 4; lastKnownFileType = sourcecode.c.objc; path = JKIndexBarView.m; sourceTree = "<group>"; };
		8FB456FC1C2D16E800B5BD95 /* JKMailListTBCell.h */ = {isa = PBXFileReference; fileEncoding = 4; lastKnownFileType = sourcecode.c.h; path = JKMailListTBCell.h; sourceTree = "<group>"; };
		8FB456FD1C2D16E800B5BD95 /* JKMailListTBCell.m */ = {isa = PBXFileReference; fileEncoding = 4; lastKnownFileType = sourcecode.c.objc; path = JKMailListTBCell.m; sourceTree = "<group>"; };
		8FB456FE1C2D16E800B5BD95 /* JKMailListTBCell.xib */ = {isa = PBXFileReference; fileEncoding = 4; lastKnownFileType = file.xib; path = JKMailListTBCell.xib; sourceTree = "<group>"; };
		8FB457011C2D16E800B5BD95 /* MBProgressHUD.h */ = {isa = PBXFileReference; fileEncoding = 4; lastKnownFileType = sourcecode.c.h; path = MBProgressHUD.h; sourceTree = "<group>"; };
		8FB457021C2D16E800B5BD95 /* MBProgressHUD.m */ = {isa = PBXFileReference; fileEncoding = 4; lastKnownFileType = sourcecode.c.objc; path = MBProgressHUD.m; sourceTree = "<group>"; };
		8FB457031C2D16E800B5BD95 /* UIView+MBProgressHUD.h */ = {isa = PBXFileReference; fileEncoding = 4; lastKnownFileType = sourcecode.c.h; path = "UIView+MBProgressHUD.h"; sourceTree = "<group>"; };
		8FB457041C2D16E800B5BD95 /* UIView+MBProgressHUD.m */ = {isa = PBXFileReference; fileEncoding = 4; lastKnownFileType = sourcecode.c.objc; path = "UIView+MBProgressHUD.m"; sourceTree = "<group>"; };
		8FB457061C2D16E800B5BD95 /* ASWAlertView.h */ = {isa = PBXFileReference; fileEncoding = 4; lastKnownFileType = sourcecode.c.h; path = ASWAlertView.h; sourceTree = "<group>"; };
		8FB457071C2D16E800B5BD95 /* ASWAlertView.m */ = {isa = PBXFileReference; fileEncoding = 4; lastKnownFileType = sourcecode.c.objc; path = ASWAlertView.m; sourceTree = "<group>"; };
		8FB457081C2D16E800B5BD95 /* UIViewController+ASWAlertView.h */ = {isa = PBXFileReference; fileEncoding = 4; lastKnownFileType = sourcecode.c.h; path = "UIViewController+ASWAlertView.h"; sourceTree = "<group>"; };
		8FB457091C2D16E800B5BD95 /* UIViewController+ASWAlertView.m */ = {isa = PBXFileReference; fileEncoding = 4; lastKnownFileType = sourcecode.c.objc; path = "UIViewController+ASWAlertView.m"; sourceTree = "<group>"; };
		8FB4570B1C2D16E800B5BD95 /* JKMailListVC.h */ = {isa = PBXFileReference; fileEncoding = 4; lastKnownFileType = sourcecode.c.h; path = JKMailListVC.h; sourceTree = "<group>"; };
		8FB4570C1C2D16E800B5BD95 /* JKMailListVC.m */ = {isa = PBXFileReference; fileEncoding = 4; lastKnownFileType = sourcecode.c.objc; path = JKMailListVC.m; sourceTree = "<group>"; };
		8FB4570D1C2D16E800B5BD95 /* JKMailListVC.xib */ = {isa = PBXFileReference; fileEncoding = 4; lastKnownFileType = file.xib; path = JKMailListVC.xib; sourceTree = "<group>"; };
		8FB4570E1C2D16E800B5BD95 /* ViewController.h */ = {isa = PBXFileReference; fileEncoding = 4; lastKnownFileType = sourcecode.c.h; path = ViewController.h; sourceTree = "<group>"; };
		8FB4570F1C2D16E800B5BD95 /* ViewController.m */ = {isa = PBXFileReference; fileEncoding = 4; lastKnownFileType = sourcecode.c.objc; path = ViewController.m; sourceTree = "<group>"; };
		8FB4571E1C2D3C0700B5BD95 /* ChineseInclude.h */ = {isa = PBXFileReference; fileEncoding = 4; lastKnownFileType = sourcecode.c.h; path = ChineseInclude.h; sourceTree = "<group>"; };
		8FB4571F1C2D3C0700B5BD95 /* ChineseInclude.m */ = {isa = PBXFileReference; fileEncoding = 4; lastKnownFileType = sourcecode.c.objc; path = ChineseInclude.m; sourceTree = "<group>"; };
		8FB457201C2D3C0700B5BD95 /* ChineseToPinyinResource.h */ = {isa = PBXFileReference; fileEncoding = 4; lastKnownFileType = sourcecode.c.h; path = ChineseToPinyinResource.h; sourceTree = "<group>"; };
		8FB457211C2D3C0700B5BD95 /* ChineseToPinyinResource.m */ = {isa = PBXFileReference; fileEncoding = 4; lastKnownFileType = sourcecode.c.objc; path = ChineseToPinyinResource.m; sourceTree = "<group>"; };
		8FB457221C2D3C0700B5BD95 /* HanyuPinyinOutputFormat.h */ = {isa = PBXFileReference; fileEncoding = 4; lastKnownFileType = sourcecode.c.h; path = HanyuPinyinOutputFormat.h; sourceTree = "<group>"; };
		8FB457231C2D3C0700B5BD95 /* HanyuPinyinOutputFormat.m */ = {isa = PBXFileReference; fileEncoding = 4; lastKnownFileType = sourcecode.c.objc; path = HanyuPinyinOutputFormat.m; sourceTree = "<group>"; };
		8FB457241C2D3C0700B5BD95 /* NSString+PinYin4Cocoa.h */ = {isa = PBXFileReference; fileEncoding = 4; lastKnownFileType = sourcecode.c.h; path = "NSString+PinYin4Cocoa.h"; sourceTree = "<group>"; };
		8FB457251C2D3C0700B5BD95 /* NSString+PinYin4Cocoa.m */ = {isa = PBXFileReference; fileEncoding = 4; lastKnownFileType = sourcecode.c.objc; path = "NSString+PinYin4Cocoa.m"; sourceTree = "<group>"; };
		8FB457261C2D3C0700B5BD95 /* PinYin4Objc.h */ = {isa = PBXFileReference; fileEncoding = 4; lastKnownFileType = sourcecode.c.h; path = PinYin4Objc.h; sourceTree = "<group>"; };
		8FB457271C2D3C0700B5BD95 /* PinyinFormatter.h */ = {isa = PBXFileReference; fileEncoding = 4; lastKnownFileType = sourcecode.c.h; path = PinyinFormatter.h; sourceTree = "<group>"; };
		8FB457281C2D3C0700B5BD95 /* PinyinFormatter.m */ = {isa = PBXFileReference; fileEncoding = 4; lastKnownFileType = sourcecode.c.objc; path = PinyinFormatter.m; sourceTree = "<group>"; };
		8FB457291C2D3C0700B5BD95 /* PinYinForObjc.h */ = {isa = PBXFileReference; fileEncoding = 4; lastKnownFileType = sourcecode.c.h; path = PinYinForObjc.h; sourceTree = "<group>"; };
		8FB4572A1C2D3C0700B5BD95 /* PinYinForObjc.m */ = {isa = PBXFileReference; fileEncoding = 4; lastKnownFileType = sourcecode.c.objc; path = PinYinForObjc.m; sourceTree = "<group>"; };
		8FB4572B1C2D3C0700B5BD95 /* PinyinHelper.h */ = {isa = PBXFileReference; fileEncoding = 4; lastKnownFileType = sourcecode.c.h; path = PinyinHelper.h; sourceTree = "<group>"; };
		8FB4572C1C2D3C0700B5BD95 /* PinyinHelper.m */ = {isa = PBXFileReference; fileEncoding = 4; lastKnownFileType = sourcecode.c.objc; path = PinyinHelper.m; sourceTree = "<group>"; };
		8FB4572D1C2D3C0700B5BD95 /* unicode_to_hanyu_pinyin.txt */ = {isa = PBXFileReference; fileEncoding = 4; lastKnownFileType = text; path = unicode_to_hanyu_pinyin.txt; sourceTree = "<group>"; };
		8FE489281C2E49B90058D83F /* JKIndexBar.h */ = {isa = PBXFileReference; fileEncoding = 4; lastKnownFileType = sourcecode.c.h; path = JKIndexBar.h; sourceTree = "<group>"; };
		8FE489781C2EB78C0058D83F /* back_press.png */ = {isa = PBXFileReference; lastKnownFileType = image.png; path = back_press.png; sourceTree = "<group>"; };
/* End PBXFileReference section */

/* Begin PBXFrameworksBuildPhase section */
		8FB456B11C2D15D000B5BD95 /* Frameworks */ = {
			isa = PBXFrameworksBuildPhase;
			buildActionMask = 2147483647;
			files = (
			);
			runOnlyForDeploymentPostprocessing = 0;
		};
		8FB456CA1C2D15D000B5BD95 /* Frameworks */ = {
			isa = PBXFrameworksBuildPhase;
			buildActionMask = 2147483647;
			files = (
			);
			runOnlyForDeploymentPostprocessing = 0;
		};
		8FB456D51C2D15D000B5BD95 /* Frameworks */ = {
			isa = PBXFrameworksBuildPhase;
			buildActionMask = 2147483647;
			files = (
			);
			runOnlyForDeploymentPostprocessing = 0;
		};
/* End PBXFrameworksBuildPhase section */

/* Begin PBXGroup section */
		8F1774FE1C2F13CD00028E3C /* TMCache */ = {
			isa = PBXGroup;
			children = (
				8F1774FF1C2F13CD00028E3C /* LICENSE.txt */,
				8F1775001C2F13CD00028E3C /* README.md */,
				8F1775011C2F13CD00028E3C /* TMCache */,
			);
			path = TMCache;
			sourceTree = "<group>";
		};
		8F1775011C2F13CD00028E3C /* TMCache */ = {
			isa = PBXGroup;
			children = (
				8F1775021C2F13CD00028E3C /* TMCache.h */,
				8F1775031C2F13CD00028E3C /* TMCache.m */,
				8F1775041C2F13CD00028E3C /* TMDiskCache.h */,
				8F1775051C2F13CD00028E3C /* TMDiskCache.m */,
				8F1775061C2F13CD00028E3C /* TMMemoryCache.h */,
				8F1775071C2F13CD00028E3C /* TMMemoryCache.m */,
			);
			path = TMCache;
			sourceTree = "<group>";
		};
		8F17750D1C2F9CAF00028E3C /* MJRefresh */ = {
			isa = PBXGroup;
			children = (
				8F17750E1C2F9CAF00028E3C /* MJRefresh.bundle */,
				8F17750F1C2F9CAF00028E3C /* MJRefresh.h */,
				8F1775101C2F9CAF00028E3C /* MJRefreshBaseView.h */,
				8F1775111C2F9CAF00028E3C /* MJRefreshBaseView.m */,
				8F1775121C2F9CAF00028E3C /* MJRefreshConst.h */,
				8F1775131C2F9CAF00028E3C /* MJRefreshConst.m */,
				8F1775141C2F9CAF00028E3C /* MJRefreshFooterView.h */,
				8F1775151C2F9CAF00028E3C /* MJRefreshFooterView.m */,
				8F1775161C2F9CAF00028E3C /* MJRefreshHeaderView.h */,
				8F1775171C2F9CAF00028E3C /* MJRefreshHeaderView.m */,
				8F1775181C2F9CAF00028E3C /* UIScrollView+MJExtension.h */,
				8F1775191C2F9CAF00028E3C /* UIScrollView+MJExtension.m */,
				8F17751A1C2F9CAF00028E3C /* UIScrollView+MJRefresh.h */,
				8F17751B1C2F9CAF00028E3C /* UIScrollView+MJRefresh.m */,
				8F17751C1C2F9CAF00028E3C /* UIView+MJExtension.h */,
				8F17751D1C2F9CAF00028E3C /* UIView+MJExtension.m */,
			);
			path = MJRefresh;
			sourceTree = "<group>";
		};
		8FB456AB1C2D15D000B5BD95 = {
			isa = PBXGroup;
			children = (
				8FB456B61C2D15D000B5BD95 /* JKMailList-master */,
				8FB456D01C2D15D000B5BD95 /* JKMailList-masterTests */,
				8FB456B51C2D15D000B5BD95 /* Products */,
			);
			sourceTree = "<group>";
		};
		8FB456B51C2D15D000B5BD95 /* Products */ = {
			isa = PBXGroup;
			children = (
				8FB456B41C2D15D000B5BD95 /* JKMailList-master.app */,
				8FB456CD1C2D15D000B5BD95 /* JKMailList-masterTests.xctest */,
				8FB456D81C2D15D000B5BD95 /* JKMailList-masterUITests.xctest */,
			);
			name = Products;
			sourceTree = "<group>";
		};
		8FB456B61C2D15D000B5BD95 /* JKMailList-master */ = {
			isa = PBXGroup;
			children = (
				8FB456BA1C2D15D000B5BD95 /* AppDelegate.h */,
				8FB456BB1C2D15D000B5BD95 /* AppDelegate.m */,
				8FB456EF1C2D16E800B5BD95 /* Images */,
				8FB456F11C2D16E800B5BD95 /* JKMailListLibrary */,
				8FB456FF1C2D16E800B5BD95 /* Libs */,
				8FB4570A1C2D16E800B5BD95 /* ViewControllers */,
				8FB456EC1C2D16DD00B5BD95 /* Main.storyboard */,
				8FB456C31C2D15D000B5BD95 /* Assets.xcassets */,
				8FB456C51C2D15D000B5BD95 /* LaunchScreen.storyboard */,
				8FB456C81C2D15D000B5BD95 /* Info.plist */,
				8FB456B71C2D15D000B5BD95 /* Supporting Files */,
			);
			path = "JKMailList-master";
			sourceTree = "<group>";
		};
		8FB456B71C2D15D000B5BD95 /* Supporting Files */ = {
			isa = PBXGroup;
			children = (
				8FB456B81C2D15D000B5BD95 /* main.m */,
			);
			name = "Supporting Files";
			sourceTree = "<group>";
		};
		8FB456D01C2D15D000B5BD95 /* JKMailList-masterTests */ = {
			isa = PBXGroup;
			children = (
				8FB456DB1C2D15D100B5BD95 /* JKMailList-masterUITests */,
				8FB456D11C2D15D000B5BD95 /* JKMailList_masterTests.m */,
				8FB456D31C2D15D000B5BD95 /* Info.plist */,
			);
			path = "JKMailList-masterTests";
			sourceTree = "<group>";
		};
		8FB456DB1C2D15D100B5BD95 /* JKMailList-masterUITests */ = {
			isa = PBXGroup;
			children = (
				8FB456DC1C2D15D100B5BD95 /* JKMailList_masterUITests.m */,
				8FB456DE1C2D15D100B5BD95 /* Info.plist */,
			);
			name = "JKMailList-masterUITests";
			path = "../JKMailList-masterUITests";
			sourceTree = "<group>";
		};
		8FB456EF1C2D16E800B5BD95 /* Images */ = {
			isa = PBXGroup;
			children = (
				8F1774FC1C2EF39700028E3C /* IMG_0390.jpg */,
				8FE489781C2EB78C0058D83F /* back_press.png */,
				8F17752B1C30591700028E3C /* 005.jpg */,
				8F327F4B1C313F7600F677B5 /* IMG_0366.jpg */,
				8F89C4861C314336005DC392 /* ic_personalinfo_n@2x.png */,
				8F89C4871C314336005DC392 /* ic_personalinfo_n@3x.png */,
			);
			path = Images;
			sourceTree = "<group>";
		};
		8FB456F11C2D16E800B5BD95 /* JKMailListLibrary */ = {
			isa = PBXGroup;
			children = (
				8FB456F21C2D16E800B5BD95 /* JKMailListInteracts */,
				8FB456F61C2D16E800B5BD95 /* JKMailListModel */,
				8FB456F91C2D16E800B5BD95 /* JKMailListView */,
			);
			path = JKMailListLibrary;
			sourceTree = "<group>";
		};
		8FB456F21C2D16E800B5BD95 /* JKMailListInteracts */ = {
			isa = PBXGroup;
			children = (
				8FB456F41C2D16E800B5BD95 /* JKMailListManger.h */,
				8FB456F51C2D16E800B5BD95 /* JKMailListManger.m */,
			);
			path = JKMailListInteracts;
			sourceTree = "<group>";
		};
		8FB456F61C2D16E800B5BD95 /* JKMailListModel */ = {
			isa = PBXGroup;
			children = (
				8FB456F71C2D16E800B5BD95 /* JKLinkman.h */,
				8FB456F81C2D16E800B5BD95 /* JKLinkman.m */,
			);
			path = JKMailListModel;
			sourceTree = "<group>";
		};
		8FB456F91C2D16E800B5BD95 /* JKMailListView */ = {
			isa = PBXGroup;
			children = (
				8FE489281C2E49B90058D83F /* JKIndexBar.h */,
				8FB456FA1C2D16E800B5BD95 /* JKIndexBarView.h */,
				8FB456FB1C2D16E800B5BD95 /* JKIndexBarView.m */,
				8FB456FC1C2D16E800B5BD95 /* JKMailListTBCell.h */,
				8FB456FD1C2D16E800B5BD95 /* JKMailListTBCell.m */,
				8FB456FE1C2D16E800B5BD95 /* JKMailListTBCell.xib */,
				8F1775261C30362B00028E3C /* JKAddMailListView.h */,
				8F1775271C30362B00028E3C /* JKAddMailListView.m */,
				8F327EBD1C30D56200F677B5 /* Viewew.xib */,
			);
			path = JKMailListView;
			sourceTree = "<group>";
		};
		8FB456FF1C2D16E800B5BD95 /* Libs */ = {
			isa = PBXGroup;
			children = (
				8F17750D1C2F9CAF00028E3C /* MJRefresh */,
				8F1774FE1C2F13CD00028E3C /* TMCache */,
				8FB4571D1C2D3C0700B5BD95 /* PinYin */,
				8FB457001C2D16E800B5BD95 /* MBProgressHUD */,
				8FB457051C2D16E800B5BD95 /* UIViewController+ASWAlertView */,
			);
			path = Libs;
			sourceTree = "<group>";
		};
		8FB457001C2D16E800B5BD95 /* MBProgressHUD */ = {
			isa = PBXGroup;
			children = (
				8FB457011C2D16E800B5BD95 /* MBProgressHUD.h */,
				8FB457021C2D16E800B5BD95 /* MBProgressHUD.m */,
				8FB457031C2D16E800B5BD95 /* UIView+MBProgressHUD.h */,
				8FB457041C2D16E800B5BD95 /* UIView+MBProgressHUD.m */,
			);
			path = MBProgressHUD;
			sourceTree = "<group>";
		};
		8FB457051C2D16E800B5BD95 /* UIViewController+ASWAlertView */ = {
			isa = PBXGroup;
			children = (
				8FB457061C2D16E800B5BD95 /* ASWAlertView.h */,
				8FB457071C2D16E800B5BD95 /* ASWAlertView.m */,
				8FB457081C2D16E800B5BD95 /* UIViewController+ASWAlertView.h */,
				8FB457091C2D16E800B5BD95 /* UIViewController+ASWAlertView.m */,
			);
			path = "UIViewController+ASWAlertView";
			sourceTree = "<group>";
		};
		8FB4570A1C2D16E800B5BD95 /* ViewControllers */ = {
			isa = PBXGroup;
			children = (
				8FB4570B1C2D16E800B5BD95 /* JKMailListVC.h */,
				8FB4570C1C2D16E800B5BD95 /* JKMailListVC.m */,
				8FB4570D1C2D16E800B5BD95 /* JKMailListVC.xib */,
				8FB4570E1C2D16E800B5BD95 /* ViewController.h */,
				8FB4570F1C2D16E800B5BD95 /* ViewController.m */,
			);
			path = ViewControllers;
			sourceTree = "<group>";
		};
		8FB4571D1C2D3C0700B5BD95 /* PinYin */ = {
			isa = PBXGroup;
			children = (
				8FB4571E1C2D3C0700B5BD95 /* ChineseInclude.h */,
				8FB4571F1C2D3C0700B5BD95 /* ChineseInclude.m */,
				8FB457201C2D3C0700B5BD95 /* ChineseToPinyinResource.h */,
				8FB457211C2D3C0700B5BD95 /* ChineseToPinyinResource.m */,
				8FB457221C2D3C0700B5BD95 /* HanyuPinyinOutputFormat.h */,
				8FB457231C2D3C0700B5BD95 /* HanyuPinyinOutputFormat.m */,
				8FB457241C2D3C0700B5BD95 /* NSString+PinYin4Cocoa.h */,
				8FB457251C2D3C0700B5BD95 /* NSString+PinYin4Cocoa.m */,
				8FB457261C2D3C0700B5BD95 /* PinYin4Objc.h */,
				8FB457271C2D3C0700B5BD95 /* PinyinFormatter.h */,
				8FB457281C2D3C0700B5BD95 /* PinyinFormatter.m */,
				8FB457291C2D3C0700B5BD95 /* PinYinForObjc.h */,
				8FB4572A1C2D3C0700B5BD95 /* PinYinForObjc.m */,
				8FB4572B1C2D3C0700B5BD95 /* PinyinHelper.h */,
				8FB4572C1C2D3C0700B5BD95 /* PinyinHelper.m */,
				8FB4572D1C2D3C0700B5BD95 /* unicode_to_hanyu_pinyin.txt */,
			);
			path = PinYin;
			sourceTree = "<group>";
		};
/* End PBXGroup section */

/* Begin PBXNativeTarget section */
		8FB456B31C2D15D000B5BD95 /* JKMailList-master */ = {
			isa = PBXNativeTarget;
			buildConfigurationList = 8FB456E11C2D15D100B5BD95 /* Build configuration list for PBXNativeTarget "JKMailList-master" */;
			buildPhases = (
				8FB456B01C2D15D000B5BD95 /* Sources */,
				8FB456B11C2D15D000B5BD95 /* Frameworks */,
				8FB456B21C2D15D000B5BD95 /* Resources */,
			);
			buildRules = (
			);
			dependencies = (
			);
			name = "JKMailList-master";
			productName = "JKMailList-master";
			productReference = 8FB456B41C2D15D000B5BD95 /* JKMailList-master.app */;
			productType = "com.apple.product-type.application";
		};
		8FB456CC1C2D15D000B5BD95 /* JKMailList-masterTests */ = {
			isa = PBXNativeTarget;
			buildConfigurationList = 8FB456E41C2D15D100B5BD95 /* Build configuration list for PBXNativeTarget "JKMailList-masterTests" */;
			buildPhases = (
				8FB456C91C2D15D000B5BD95 /* Sources */,
				8FB456CA1C2D15D000B5BD95 /* Frameworks */,
				8FB456CB1C2D15D000B5BD95 /* Resources */,
			);
			buildRules = (
			);
			dependencies = (
				8FB456CF1C2D15D000B5BD95 /* PBXTargetDependency */,
			);
			name = "JKMailList-masterTests";
			productName = "JKMailList-masterTests";
			productReference = 8FB456CD1C2D15D000B5BD95 /* JKMailList-masterTests.xctest */;
			productType = "com.apple.product-type.bundle.unit-test";
		};
		8FB456D71C2D15D000B5BD95 /* JKMailList-masterUITests */ = {
			isa = PBXNativeTarget;
			buildConfigurationList = 8FB456E71C2D15D100B5BD95 /* Build configuration list for PBXNativeTarget "JKMailList-masterUITests" */;
			buildPhases = (
				8FB456D41C2D15D000B5BD95 /* Sources */,
				8FB456D51C2D15D000B5BD95 /* Frameworks */,
				8FB456D61C2D15D000B5BD95 /* Resources */,
			);
			buildRules = (
			);
			dependencies = (
				8FB456DA1C2D15D000B5BD95 /* PBXTargetDependency */,
			);
			name = "JKMailList-masterUITests";
			productName = "JKMailList-masterUITests";
			productReference = 8FB456D81C2D15D000B5BD95 /* JKMailList-masterUITests.xctest */;
			productType = "com.apple.product-type.bundle.ui-testing";
		};
/* End PBXNativeTarget section */

/* Begin PBXProject section */
		8FB456AC1C2D15D000B5BD95 /* Project object */ = {
			isa = PBXProject;
			attributes = {
				LastUpgradeCheck = 0720;
				ORGANIZATIONNAME = jack_wang;
				TargetAttributes = {
					8FB456B31C2D15D000B5BD95 = {
						CreatedOnToolsVersion = 7.2;
					};
					8FB456CC1C2D15D000B5BD95 = {
						CreatedOnToolsVersion = 7.2;
						TestTargetID = 8FB456B31C2D15D000B5BD95;
					};
					8FB456D71C2D15D000B5BD95 = {
						CreatedOnToolsVersion = 7.2;
						TestTargetID = 8FB456B31C2D15D000B5BD95;
					};
				};
			};
			buildConfigurationList = 8FB456AF1C2D15D000B5BD95 /* Build configuration list for PBXProject "JKMailList-master" */;
			compatibilityVersion = "Xcode 3.2";
			developmentRegion = English;
			hasScannedForEncodings = 0;
			knownRegions = (
				en,
				Base,
			);
			mainGroup = 8FB456AB1C2D15D000B5BD95;
			productRefGroup = 8FB456B51C2D15D000B5BD95 /* Products */;
			projectDirPath = "";
			projectRoot = "";
			targets = (
				8FB456B31C2D15D000B5BD95 /* JKMailList-master */,
				8FB456CC1C2D15D000B5BD95 /* JKMailList-masterTests */,
				8FB456D71C2D15D000B5BD95 /* JKMailList-masterUITests */,
			);
		};
/* End PBXProject section */

/* Begin PBXResourcesBuildPhase section */
		8FB456B21C2D15D000B5BD95 /* Resources */ = {
			isa = PBXResourcesBuildPhase;
			buildActionMask = 2147483647;
			files = (
				8F1775081C2F13CD00028E3C /* LICENSE.txt in Resources */,
				8F327F4C1C313F7600F677B5 /* IMG_0366.jpg in Resources */,
				8FE4897A1C2EB78C0058D83F /* back_press.png in Resources */,
				8F17751E1C2F9CAF00028E3C /* MJRefresh.bundle in Resources */,
				8F1774FD1C2EF39700028E3C /* IMG_0390.jpg in Resources */,
				8F327EBE1C30D56200F677B5 /* Viewew.xib in Resources */,
				8FB4571B1C2D16E800B5BD95 /* JKMailListVC.xib in Resources */,
				8FB457351C2D3C0700B5BD95 /* unicode_to_hanyu_pinyin.txt in Resources */,
				8F89C4891C314336005DC392 /* ic_personalinfo_n@3x.png in Resources */,
				8FB456EE1C2D16DD00B5BD95 /* Main.storyboard in Resources */,
				8FB457151C2D16E800B5BD95 /* JKMailListTBCell.xib in Resources */,
				8FB456C71C2D15D000B5BD95 /* LaunchScreen.storyboard in Resources */,
				8FB456C41C2D15D000B5BD95 /* Assets.xcassets in Resources */,
				8F89C4881C314336005DC392 /* ic_personalinfo_n@2x.png in Resources */,
				8F17752C1C30591700028E3C /* 005.jpg in Resources */,
			);
			runOnlyForDeploymentPostprocessing = 0;
		};
		8FB456CB1C2D15D000B5BD95 /* Resources */ = {
			isa = PBXResourcesBuildPhase;
			buildActionMask = 2147483647;
			files = (
			);
			runOnlyForDeploymentPostprocessing = 0;
		};
		8FB456D61C2D15D000B5BD95 /* Resources */ = {
			isa = PBXResourcesBuildPhase;
			buildActionMask = 2147483647;
			files = (
			);
			runOnlyForDeploymentPostprocessing = 0;
		};
/* End PBXResourcesBuildPhase section */

/* Begin PBXSourcesBuildPhase section */
		8FB456B01C2D15D000B5BD95 /* Sources */ = {
			isa = PBXSourcesBuildPhase;
			buildActionMask = 2147483647;
			files = (
				8F17750C1C2F13CD00028E3C /* TMMemoryCache.m in Sources */,
				8F1775251C2F9CAF00028E3C /* UIView+MJExtension.m in Sources */,
				8FB457131C2D16E800B5BD95 /* JKIndexBarView.m in Sources */,
				8FB457321C2D3C0700B5BD95 /* PinyinFormatter.m in Sources */,
				8F1775091C2F13CD00028E3C /* README.md in Sources */,
				8FB457111C2D16E800B5BD95 /* JKMailListManger.m in Sources */,
				8FB457171C2D16E800B5BD95 /* UIView+MBProgressHUD.m in Sources */,
				8FB4571A1C2D16E800B5BD95 /* JKMailListVC.m in Sources */,
				8FB457121C2D16E800B5BD95 /* JKLinkman.m in Sources */,
				8FB457311C2D3C0700B5BD95 /* NSString+PinYin4Cocoa.m in Sources */,
				8F17750B1C2F13CD00028E3C /* TMDiskCache.m in Sources */,
				8FB456BC1C2D15D000B5BD95 /* AppDelegate.m in Sources */,
				8FB457331C2D3C0700B5BD95 /* PinYinForObjc.m in Sources */,
				8F17750A1C2F13CD00028E3C /* TMCache.m in Sources */,
				8FB457341C2D3C0700B5BD95 /* PinyinHelper.m in Sources */,
				8FB457301C2D3C0700B5BD95 /* HanyuPinyinOutputFormat.m in Sources */,
				8F1775221C2F9CAF00028E3C /* MJRefreshHeaderView.m in Sources */,
				8F1775231C2F9CAF00028E3C /* UIScrollView+MJExtension.m in Sources */,
				8FB4571C1C2D16E800B5BD95 /* ViewController.m in Sources */,
				8F1775211C2F9CAF00028E3C /* MJRefreshFooterView.m in Sources */,
				8FB456B91C2D15D000B5BD95 /* main.m in Sources */,
				8FB457191C2D16E800B5BD95 /* UIViewController+ASWAlertView.m in Sources */,
				8F1775241C2F9CAF00028E3C /* UIScrollView+MJRefresh.m in Sources */,
				8F17751F1C2F9CAF00028E3C /* MJRefreshBaseView.m in Sources */,
				8FB457141C2D16E800B5BD95 /* JKMailListTBCell.m in Sources */,
				8FB457181C2D16E800B5BD95 /* ASWAlertView.m in Sources */,
				8FB4572E1C2D3C0700B5BD95 /* ChineseInclude.m in Sources */,
				8FB457161C2D16E800B5BD95 /* MBProgressHUD.m in Sources */,
				8FB4572F1C2D3C0700B5BD95 /* ChineseToPinyinResource.m in Sources */,
				8F1775281C30362B00028E3C /* JKAddMailListView.m in Sources */,
				8F1775201C2F9CAF00028E3C /* MJRefreshConst.m in Sources */,
			);
			runOnlyForDeploymentPostprocessing = 0;
		};
		8FB456C91C2D15D000B5BD95 /* Sources */ = {
			isa = PBXSourcesBuildPhase;
			buildActionMask = 2147483647;
			files = (
				8FB456D21C2D15D000B5BD95 /* JKMailList_masterTests.m in Sources */,
			);
			runOnlyForDeploymentPostprocessing = 0;
		};
		8FB456D41C2D15D000B5BD95 /* Sources */ = {
			isa = PBXSourcesBuildPhase;
			buildActionMask = 2147483647;
			files = (
				8FB456DD1C2D15D100B5BD95 /* JKMailList_masterUITests.m in Sources */,
			);
			runOnlyForDeploymentPostprocessing = 0;
		};
/* End PBXSourcesBuildPhase section */

/* Begin PBXTargetDependency section */
		8FB456CF1C2D15D000B5BD95 /* PBXTargetDependency */ = {
			isa = PBXTargetDependency;
			target = 8FB456B31C2D15D000B5BD95 /* JKMailList-master */;
			targetProxy = 8FB456CE1C2D15D000B5BD95 /* PBXContainerItemProxy */;
		};
		8FB456DA1C2D15D000B5BD95 /* PBXTargetDependency */ = {
			isa = PBXTargetDependency;
			target = 8FB456B31C2D15D000B5BD95 /* JKMailList-master */;
			targetProxy = 8FB456D91C2D15D000B5BD95 /* PBXContainerItemProxy */;
		};
/* End PBXTargetDependency section */

/* Begin PBXVariantGroup section */
		8FB456C51C2D15D000B5BD95 /* LaunchScreen.storyboard */ = {
			isa = PBXVariantGroup;
			children = (
				8FB456C61C2D15D000B5BD95 /* Base */,
			);
			name = LaunchScreen.storyboard;
			sourceTree = "<group>";
		};
		8FB456EC1C2D16DD00B5BD95 /* Main.storyboard */ = {
			isa = PBXVariantGroup;
			children = (
				8FB456ED1C2D16DD00B5BD95 /* Base */,
			);
			name = Main.storyboard;
			sourceTree = "<group>";
		};
/* End PBXVariantGroup section */

/* Begin XCBuildConfiguration section */
		8FB456DF1C2D15D100B5BD95 /* Debug */ = {
			isa = XCBuildConfiguration;
			buildSettings = {
				ALWAYS_SEARCH_USER_PATHS = NO;
				CLANG_CXX_LANGUAGE_STANDARD = "gnu++0x";
				CLANG_CXX_LIBRARY = "libc++";
				CLANG_ENABLE_MODULES = YES;
				CLANG_ENABLE_OBJC_ARC = YES;
				CLANG_WARN_BOOL_CONVERSION = YES;
				CLANG_WARN_CONSTANT_CONVERSION = YES;
				CLANG_WARN_DIRECT_OBJC_ISA_USAGE = YES_ERROR;
				CLANG_WARN_EMPTY_BODY = YES;
				CLANG_WARN_ENUM_CONVERSION = YES;
				CLANG_WARN_INT_CONVERSION = YES;
				CLANG_WARN_OBJC_ROOT_CLASS = YES_ERROR;
				CLANG_WARN_UNREACHABLE_CODE = YES;
				CLANG_WARN__DUPLICATE_METHOD_MATCH = YES;
				"CODE_SIGN_IDENTITY[sdk=iphoneos*]" = "iPhone Developer";
				COPY_PHASE_STRIP = NO;
				DEBUG_INFORMATION_FORMAT = dwarf;
				ENABLE_STRICT_OBJC_MSGSEND = YES;
				ENABLE_TESTABILITY = YES;
				GCC_C_LANGUAGE_STANDARD = gnu99;
				GCC_DYNAMIC_NO_PIC = NO;
				GCC_NO_COMMON_BLOCKS = YES;
				GCC_OPTIMIZATION_LEVEL = 0;
				GCC_PREPROCESSOR_DEFINITIONS = (
					"DEBUG=1",
					"$(inherited)",
				);
				GCC_WARN_64_TO_32_BIT_CONVERSION = YES;
				GCC_WARN_ABOUT_RETURN_TYPE = YES_ERROR;
				GCC_WARN_UNDECLARED_SELECTOR = YES;
				GCC_WARN_UNINITIALIZED_AUTOS = YES_AGGRESSIVE;
				GCC_WARN_UNUSED_FUNCTION = YES;
				GCC_WARN_UNUSED_VARIABLE = YES;
				IPHONEOS_DEPLOYMENT_TARGET = 9.2;
				MTL_ENABLE_DEBUG_INFO = YES;
				ONLY_ACTIVE_ARCH = YES;
				SDKROOT = iphoneos;
			};
			name = Debug;
		};
		8FB456E01C2D15D100B5BD95 /* Release */ = {
			isa = XCBuildConfiguration;
			buildSettings = {
				ALWAYS_SEARCH_USER_PATHS = NO;
				CLANG_CXX_LANGUAGE_STANDARD = "gnu++0x";
				CLANG_CXX_LIBRARY = "libc++";
				CLANG_ENABLE_MODULES = YES;
				CLANG_ENABLE_OBJC_ARC = YES;
				CLANG_WARN_BOOL_CONVERSION = YES;
				CLANG_WARN_CONSTANT_CONVERSION = YES;
				CLANG_WARN_DIRECT_OBJC_ISA_USAGE = YES_ERROR;
				CLANG_WARN_EMPTY_BODY = YES;
				CLANG_WARN_ENUM_CONVERSION = YES;
				CLANG_WARN_INT_CONVERSION = YES;
				CLANG_WARN_OBJC_ROOT_CLASS = YES_ERROR;
				CLANG_WARN_UNREACHABLE_CODE = YES;
				CLANG_WARN__DUPLICATE_METHOD_MATCH = YES;
				"CODE_SIGN_IDENTITY[sdk=iphoneos*]" = "iPhone Developer";
				COPY_PHASE_STRIP = NO;
				DEBUG_INFORMATION_FORMAT = "dwarf-with-dsym";
				ENABLE_NS_ASSERTIONS = NO;
				ENABLE_STRICT_OBJC_MSGSEND = YES;
				GCC_C_LANGUAGE_STANDARD = gnu99;
				GCC_NO_COMMON_BLOCKS = YES;
				GCC_WARN_64_TO_32_BIT_CONVERSION = YES;
				GCC_WARN_ABOUT_RETURN_TYPE = YES_ERROR;
				GCC_WARN_UNDECLARED_SELECTOR = YES;
				GCC_WARN_UNINITIALIZED_AUTOS = YES_AGGRESSIVE;
				GCC_WARN_UNUSED_FUNCTION = YES;
				GCC_WARN_UNUSED_VARIABLE = YES;
				IPHONEOS_DEPLOYMENT_TARGET = 9.2;
				MTL_ENABLE_DEBUG_INFO = NO;
				SDKROOT = iphoneos;
				VALIDATE_PRODUCT = YES;
			};
			name = Release;
		};
		8FB456E21C2D15D100B5BD95 /* Debug */ = {
			isa = XCBuildConfiguration;
			buildSettings = {
				ASSETCATALOG_COMPILER_APPICON_NAME = AppIcon;
				ENABLE_STRICT_OBJC_MSGSEND = NO;
				INFOPLIST_FILE = "JKMailList-master/Info.plist";
				IPHONEOS_DEPLOYMENT_TARGET = 7.0;
				LD_RUNPATH_SEARCH_PATHS = "$(inherited) @executable_path/Frameworks";
				PRODUCT_BUNDLE_IDENTIFIER = "mtelnet.JKMailList-master";
				PRODUCT_NAME = "$(TARGET_NAME)";
			};
			name = Debug;
		};
		8FB456E31C2D15D100B5BD95 /* Release */ = {
			isa = XCBuildConfiguration;
			buildSettings = {
				ASSETCATALOG_COMPILER_APPICON_NAME = AppIcon;
				ENABLE_STRICT_OBJC_MSGSEND = NO;
				INFOPLIST_FILE = "JKMailList-master/Info.plist";
				IPHONEOS_DEPLOYMENT_TARGET = 7.0;
				LD_RUNPATH_SEARCH_PATHS = "$(inherited) @executable_path/Frameworks";
				PRODUCT_BUNDLE_IDENTIFIER = "mtelnet.JKMailList-master";
				PRODUCT_NAME = "$(TARGET_NAME)";
			};
			name = Release;
		};
		8FB456E51C2D15D100B5BD95 /* Debug */ = {
			isa = XCBuildConfiguration;
			buildSettings = {
				BUNDLE_LOADER = "$(TEST_HOST)";
				INFOPLIST_FILE = "JKMailList-masterTests/Info.plist";
				LD_RUNPATH_SEARCH_PATHS = "$(inherited) @executable_path/Frameworks @loader_path/Frameworks";
				PRODUCT_BUNDLE_IDENTIFIER = "mtelnet.JKMailList-masterTests";
				PRODUCT_NAME = "$(TARGET_NAME)";
				TEST_HOST = "$(BUILT_PRODUCTS_DIR)/JKMailList-master.app/JKMailList-master";
			};
			name = Debug;
		};
		8FB456E61C2D15D100B5BD95 /* Release */ = {
			isa = XCBuildConfiguration;
			buildSettings = {
				BUNDLE_LOADER = "$(TEST_HOST)";
				INFOPLIST_FILE = "JKMailList-masterTests/Info.plist";
				LD_RUNPATH_SEARCH_PATHS = "$(inherited) @executable_path/Frameworks @loader_path/Frameworks";
				PRODUCT_BUNDLE_IDENTIFIER = "mtelnet.JKMailList-masterTests";
				PRODUCT_NAME = "$(TARGET_NAME)";
				TEST_HOST = "$(BUILT_PRODUCTS_DIR)/JKMailList-master.app/JKMailList-master";
			};
			name = Release;
		};
		8FB456E81C2D15D100B5BD95 /* Debug */ = {
			isa = XCBuildConfiguration;
			buildSettings = {
				INFOPLIST_FILE = "JKMailList-masterUITests/Info.plist";
				LD_RUNPATH_SEARCH_PATHS = "$(inherited) @executable_path/Frameworks @loader_path/Frameworks";
				PRODUCT_BUNDLE_IDENTIFIER = "mtelnet.JKMailList-masterUITests";
				PRODUCT_NAME = "$(TARGET_NAME)";
				TEST_TARGET_NAME = "JKMailList-master";
				USES_XCTRUNNER = YES;
			};
			name = Debug;
		};
		8FB456E91C2D15D100B5BD95 /* Release */ = {
			isa = XCBuildConfiguration;
			buildSettings = {
				INFOPLIST_FILE = "JKMailList-masterUITests/Info.plist";
				LD_RUNPATH_SEARCH_PATHS = "$(inherited) @executable_path/Frameworks @loader_path/Frameworks";
				PRODUCT_BUNDLE_IDENTIFIER = "mtelnet.JKMailList-masterUITests";
				PRODUCT_NAME = "$(TARGET_NAME)";
				TEST_TARGET_NAME = "JKMailList-master";
				USES_XCTRUNNER = YES;
			};
			name = Release;
		};
/* End XCBuildConfiguration section */

/* Begin XCConfigurationList section */
		8FB456AF1C2D15D000B5BD95 /* Build configuration list for PBXProject "JKMailList-master" */ = {
			isa = XCConfigurationList;
			buildConfigurations = (
				8FB456DF1C2D15D100B5BD95 /* Debug */,
				8FB456E01C2D15D100B5BD95 /* Release */,
			);
			defaultConfigurationIsVisible = 0;
			defaultConfigurationName = Release;
		};
		8FB456E11C2D15D100B5BD95 /* Build configuration list for PBXNativeTarget "JKMailList-master" */ = {
			isa = XCConfigurationList;
			buildConfigurations = (
				8FB456E21C2D15D100B5BD95 /* Debug */,
				8FB456E31C2D15D100B5BD95 /* Release */,
			);
			defaultConfigurationIsVisible = 0;
			defaultConfigurationName = Release;
		};
		8FB456E41C2D15D100B5BD95 /* Build configuration list for PBXNativeTarget "JKMailList-masterTests" */ = {
			isa = XCConfigurationList;
			buildConfigurations = (
				8FB456E51C2D15D100B5BD95 /* Debug */,
				8FB456E61C2D15D100B5BD95 /* Release */,
			);
			defaultConfigurationIsVisible = 0;
			defaultConfigurationName = Release;
		};
		8FB456E71C2D15D100B5BD95 /* Build configuration list for PBXNativeTarget "JKMailList-masterUITests" */ = {
			isa = XCConfigurationList;
			buildConfigurations = (
				8FB456E81C2D15D100B5BD95 /* Debug */,
				8FB456E91C2D15D100B5BD95 /* Release */,
			);
			defaultConfigurationIsVisible = 0;
			defaultConfigurationName = Release;
		};
/* End XCConfigurationList section */
	};
	rootObject = 8FB456AC1C2D15D000B5BD95 /* Project object */;
}
